
Microsoft Visual Studio Solution File, Format Version 12.00
# Visual Studio 15
VisualStudioVersion = 15.0.28010.2046
MinimumVisualStudioVersion = 10.0.40219.1
Project("{FAE04EC0-301F-11D3-BF4B-00C04F79EFBC}") = "Task6.1", "Task6.1\Task6.1.csproj", "{9166AE1A-F74B-468D-AB78-7ABAD91593CD}"
EndProject
Project("{FAE04EC0-301F-11D3-BF4B-00C04F79EFBC}") = "Task6.2", "Task6.2\Task6.2.csproj", "{53221DE3-75A4-4510-8E7B-582F0D2D2FCA}"
EndProject
Project("{FAE04EC0-301F-11D3-BF4B-00C04F79EFBC}") = "Task6.3", "Task6.3\Task6.3.csproj", "{648EF73B-67A0-4BBD-8F90-29D9FCA898C3}"
EndProject
Project("{FAE04EC0-301F-11D3-BF4B-00C04F79EFBC}") = "Task6.4", "Task6.4\Task6.4.csproj", "{6FE58EFF-3172-456D-9D76-55E2ECD368E9}"
EndProject
Project("{FAE04EC0-301F-11D3-BF4B-00C04F79EFBC}") = "Task6.5", "Task6.5\Task6.5.csproj", "{4A41F5E3-A816-4257-84C2-70A066AA7B24}"
EndProject
Project("{FAE04EC0-301F-11D3-BF4B-00C04F79EFBC}") = "Task6.6", "Task6.6\Task6.6.csproj", "{DB0FFA49-F271-42B4-84B2-39322CFEDE2C}"
EndProject
Project("{FAE04EC0-301F-11D3-BF4B-00C04F79EFBC}") = "Task6.7", "Task6.7\Task6.7.csproj", "{AA9CD5E0-6444-4744-A2B2-27818F024A1A}"
EndProject
Project("{FAE04EC0-301F-11D3-BF4B-00C04F79EFBC}") = "Task6.8", "Task6.8\Task6.8.csproj", "{CEA76151-B5C0-4944-9D11-A2F5666BB539}"
EndProject
Project("{FAE04EC0-301F-11D3-BF4B-00C04F79EFBC}") = "Task6.9", "Task6.9\Task6.9.csproj", "{C1719519-B550-4487-8D8C-51F9B0218042}"
EndProject
Project("{FAE04EC0-301F-11D3-BF4B-00C04F79EFBC}") = "Task6.10", "Task6.10\Task6.10.csproj", "{CE73B326-B435-48B8-BA37-FEAAFC258856}"
EndProject
Project("{FAE04EC0-301F-11D3-BF4B-00C04F79EFBC}") = "Task6.11", "Task6.11\Task6.11.csproj", "{9F9351CC-05BE-4CB4-B306-F4688AEB4CF2}"
EndProject
Project("{FAE04EC0-301F-11D3-BF4B-00C04F79EFBC}") = "Task6.12", "Task6.12\Task6.12.csproj", "{704FEBEA-5ED8-41D7-BAB4-DA76A9C01934}"
EndProject
Project("{FAE04EC0-301F-11D3-BF4B-00C04F79EFBC}") = "Task6.13", "Task6.13\Task6.13.csproj", "{9B0E1F17-4671-4E82-92C1-BB97C80D31E3}"
EndProject
Project("{FAE04EC0-301F-11D3-BF4B-00C04F79EFBC}") = "Task6.14", "Task6.14\Task6.14.csproj", "{EDA6A240-D3CD-48EC-9255-AC45B80C3931}"
EndProject
Project("{FAE04EC0-301F-11D3-BF4B-00C04F79EFBC}") = "Task6.15", "Task6.15\Task6.15.csproj", "{8806EC24-6940-4444-B5E9-DE2697A22427}"
EndProject
Project("{FAE04EC0-301F-11D3-BF4B-00C04F79EFBC}") = "Task6.16", "Task6.16\Task6.16.csproj", "{2DDEB54E-61B7-445C-ADE5-71F51A838A3D}"
EndProject
Project("{FAE04EC0-301F-11D3-BF4B-00C04F79EFBC}") = "Task6.17", "Task6.17\Task6.17.csproj", "{144F4AC3-377D-4817-BADF-4486A4117A17}"
EndProject
Project("{FAE04EC0-301F-11D3-BF4B-00C04F79EFBC}") = "Task6.18", "Task6.18\Task6.18.csproj", "{51BDB7F7-9F84-4659-A4B9-137340E6D64E}"
EndProject
Global
	GlobalSection(SolutionConfigurationPlatforms) = preSolution
		Debug|Any CPU = Debug|Any CPU
		Release|Any CPU = Release|Any CPU
	EndGlobalSection
	GlobalSection(ProjectConfigurationPlatforms) = postSolution
		{9166AE1A-F74B-468D-AB78-7ABAD91593CD}.Debug|Any CPU.ActiveCfg = Debug|Any CPU
		{9166AE1A-F74B-468D-AB78-7ABAD91593CD}.Debug|Any CPU.Build.0 = Debug|Any CPU
		{9166AE1A-F74B-468D-AB78-7ABAD91593CD}.Release|Any CPU.ActiveCfg = Release|Any CPU
		{9166AE1A-F74B-468D-AB78-7ABAD91593CD}.Release|Any CPU.Build.0 = Release|Any CPU
		{53221DE3-75A4-4510-8E7B-582F0D2D2FCA}.Debug|Any CPU.ActiveCfg = Debug|Any CPU
		{53221DE3-75A4-4510-8E7B-582F0D2D2FCA}.Debug|Any CPU.Build.0 = Debug|Any CPU
		{53221DE3-75A4-4510-8E7B-582F0D2D2FCA}.Release|Any CPU.ActiveCfg = Release|Any CPU
		{53221DE3-75A4-4510-8E7B-582F0D2D2FCA}.Release|Any CPU.Build.0 = Release|Any CPU
		{648EF73B-67A0-4BBD-8F90-29D9FCA898C3}.Debug|Any CPU.ActiveCfg = Debug|Any CPU
		{648EF73B-67A0-4BBD-8F90-29D9FCA898C3}.Debug|Any CPU.Build.0 = Debug|Any CPU
		{648EF73B-67A0-4BBD-8F90-29D9FCA898C3}.Release|Any CPU.ActiveCfg = Release|Any CPU
		{648EF73B-67A0-4BBD-8F90-29D9FCA898C3}.Release|Any CPU.Build.0 = Release|Any CPU
		{6FE58EFF-3172-456D-9D76-55E2ECD368E9}.Debug|Any CPU.ActiveCfg = Debug|Any CPU
		{6FE58EFF-3172-456D-9D76-55E2ECD368E9}.Debug|Any CPU.Build.0 = Debug|Any CPU
		{6FE58EFF-3172-456D-9D76-55E2ECD368E9}.Release|Any CPU.ActiveCfg = Release|Any CPU
		{6FE58EFF-3172-456D-9D76-55E2ECD368E9}.Release|Any CPU.Build.0 = Release|Any CPU
		{4A41F5E3-A816-4257-84C2-70A066AA7B24}.Debug|Any CPU.ActiveCfg = Debug|Any CPU
		{4A41F5E3-A816-4257-84C2-70A066AA7B24}.Debug|Any CPU.Build.0 = Debug|Any CPU
		{4A41F5E3-A816-4257-84C2-70A066AA7B24}.Release|Any CPU.ActiveCfg = Release|Any CPU
		{4A41F5E3-A816-4257-84C2-70A066AA7B24}.Release|Any CPU.Build.0 = Release|Any CPU
		{DB0FFA49-F271-42B4-84B2-39322CFEDE2C}.Debug|Any CPU.ActiveCfg = Debug|Any CPU
		{DB0FFA49-F271-42B4-84B2-39322CFEDE2C}.Debug|Any CPU.Build.0 = Debug|Any CPU
		{DB0FFA49-F271-42B4-84B2-39322CFEDE2C}.Release|Any CPU.ActiveCfg = Release|Any CPU
		{DB0FFA49-F271-42B4-84B2-39322CFEDE2C}.Release|Any CPU.Build.0 = Release|Any CPU
		{AA9CD5E0-6444-4744-A2B2-27818F024A1A}.Debug|Any CPU.ActiveCfg = Debug|Any CPU
		{AA9CD5E0-6444-4744-A2B2-27818F024A1A}.Debug|Any CPU.Build.0 = Debug|Any CPU
		{AA9CD5E0-6444-4744-A2B2-27818F024A1A}.Release|Any CPU.ActiveCfg = Release|Any CPU
		{AA9CD5E0-6444-4744-A2B2-27818F024A1A}.Release|Any CPU.Build.0 = Release|Any CPU
		{CEA76151-B5C0-4944-9D11-A2F5666BB539}.Debug|Any CPU.ActiveCfg = Debug|Any CPU
		{CEA76151-B5C0-4944-9D11-A2F5666BB539}.Debug|Any CPU.Build.0 = Debug|Any CPU
		{CEA76151-B5C0-4944-9D11-A2F5666BB539}.Release|Any CPU.ActiveCfg = Release|Any CPU
		{CEA76151-B5C0-4944-9D11-A2F5666BB539}.Release|Any CPU.Build.0 = Release|Any CPU
		{C1719519-B550-4487-8D8C-51F9B0218042}.Debug|Any CPU.ActiveCfg = Debug|Any CPU
		{C1719519-B550-4487-8D8C-51F9B0218042}.Debug|Any CPU.Build.0 = Debug|Any CPU
		{C1719519-B550-4487-8D8C-51F9B0218042}.Release|Any CPU.ActiveCfg = Release|Any CPU
		{C1719519-B550-4487-8D8C-51F9B0218042}.Release|Any CPU.Build.0 = Release|Any CPU
		{CE73B326-B435-48B8-BA37-FEAAFC258856}.Debug|Any CPU.ActiveCfg = Debug|Any CPU
		{CE73B326-B435-48B8-BA37-FEAAFC258856}.Debug|Any CPU.Build.0 = Debug|Any CPU
		{CE73B326-B435-48B8-BA37-FEAAFC258856}.Release|Any CPU.ActiveCfg = Release|Any CPU
		{CE73B326-B435-48B8-BA37-FEAAFC258856}.Release|Any CPU.Build.0 = Release|Any CPU
		{9F9351CC-05BE-4CB4-B306-F4688AEB4CF2}.Debug|Any CPU.ActiveCfg = Debug|Any CPU
		{9F9351CC-05BE-4CB4-B306-F4688AEB4CF2}.Debug|Any CPU.Build.0 = Debug|Any CPU
		{9F9351CC-05BE-4CB4-B306-F4688AEB4CF2}.Release|Any CPU.ActiveCfg = Release|Any CPU
		{9F9351CC-05BE-4CB4-B306-F4688AEB4CF2}.Release|Any CPU.Build.0 = Release|Any CPU
		{704FEBEA-5ED8-41D7-BAB4-DA76A9C01934}.Debug|Any CPU.ActiveCfg = Debug|Any CPU
		{704FEBEA-5ED8-41D7-BAB4-DA76A9C01934}.Debug|Any CPU.Build.0 = Debug|Any CPU
		{704FEBEA-5ED8-41D7-BAB4-DA76A9C01934}.Release|Any CPU.ActiveCfg = Release|Any CPU
		{704FEBEA-5ED8-41D7-BAB4-DA76A9C01934}.Release|Any CPU.Build.0 = Release|Any CPU
		{9B0E1F17-4671-4E82-92C1-BB97C80D31E3}.Debug|Any CPU.ActiveCfg = Debug|Any CPU
		{9B0E1F17-4671-4E82-92C1-BB97C80D31E3}.Debug|Any CPU.Build.0 = Debug|Any CPU
		{9B0E1F17-4671-4E82-92C1-BB97C80D31E3}.Release|Any CPU.ActiveCfg = Release|Any CPU
		{9B0E1F17-4671-4E82-92C1-BB97C80D31E3}.Release|Any CPU.Build.0 = Release|Any CPU
		{EDA6A240-D3CD-48EC-9255-AC45B80C3931}.Debug|Any CPU.ActiveCfg = Debug|Any CPU
		{EDA6A240-D3CD-48EC-9255-AC45B80C3931}.Debug|Any CPU.Build.0 = Debug|Any CPU
		{EDA6A240-D3CD-48EC-9255-AC45B80C3931}.Release|Any CPU.ActiveCfg = Release|Any CPU
		{EDA6A240-D3CD-48EC-9255-AC45B80C3931}.Release|Any CPU.Build.0 = Release|Any CPU
		{8806EC24-6940-4444-B5E9-DE2697A22427}.Debug|Any CPU.ActiveCfg = Debug|Any CPU
		{8806EC24-6940-4444-B5E9-DE2697A22427}.Debug|Any CPU.Build.0 = Debug|Any CPU
		{8806EC24-6940-4444-B5E9-DE2697A22427}.Release|Any CPU.ActiveCfg = Release|Any CPU
		{8806EC24-6940-4444-B5E9-DE2697A22427}.Release|Any CPU.Build.0 = Release|Any CPU
		{2DDEB54E-61B7-445C-ADE5-71F51A838A3D}.Debug|Any CPU.ActiveCfg = Debug|Any CPU
		{2DDEB54E-61B7-445C-ADE5-71F51A838A3D}.Debug|Any CPU.Build.0 = Debug|Any CPU
		{2DDEB54E-61B7-445C-ADE5-71F51A838A3D}.Release|Any CPU.ActiveCfg = Release|Any CPU
		{2DDEB54E-61B7-445C-ADE5-71F51A838A3D}.Release|Any CPU.Build.0 = Release|Any CPU
		{144F4AC3-377D-4817-BADF-4486A4117A17}.Debug|Any CPU.ActiveCfg = Debug|Any CPU
		{144F4AC3-377D-4817-BADF-4486A4117A17}.Debug|Any CPU.Build.0 = Debug|Any CPU
		{144F4AC3-377D-4817-BADF-4486A4117A17}.Release|Any CPU.ActiveCfg = Release|Any CPU
		{144F4AC3-377D-4817-BADF-4486A4117A17}.Release|Any CPU.Build.0 = Release|Any CPU
		{51BDB7F7-9F84-4659-A4B9-137340E6D64E}.Debug|Any CPU.ActiveCfg = Debug|Any CPU
		{51BDB7F7-9F84-4659-A4B9-137340E6D64E}.Debug|Any CPU.Build.0 = Debug|Any CPU
		{51BDB7F7-9F84-4659-A4B9-137340E6D64E}.Release|Any CPU.ActiveCfg = Release|Any CPU
		{51BDB7F7-9F84-4659-A4B9-137340E6D64E}.Release|Any CPU.Build.0 = Release|Any CPU
	EndGlobalSection
	GlobalSection(SolutionProperties) = preSolution
		HideSolutionNode = FALSE
	EndGlobalSection
	GlobalSection(ExtensibilityGlobals) = postSolution
		SolutionGuid = {BC7B418E-9701-4C41-A54F-58FEC510DF02}
	EndGlobalSection
EndGlobal
